
Microsoft Visual Studio Solution File, Format Version 12.00
# Visual Studio Version 17
VisualStudioVersion = 17.9.34616.47
MinimumVisualStudioVersion = 10.0.40219.1
Project("{FAE04EC0-301F-11D3-BF4B-00C04F79EFBC}") = "TestKib3", "TestKib3.csproj", "{5E6249C5-2096-4516-A280-A598F772A552}"
EndProject
Global
	GlobalSection(SolutionConfigurationPlatforms) = preSolution
		Debug|Any CPU = Debug|Any CPU
		Release|Any CPU = Release|Any CPU
	EndGlobalSection
	GlobalSection(ProjectConfigurationPlatforms) = postSolution
		{5E6249C5-2096-4516-A280-A598F772A552}.Debug|Any CPU.ActiveCfg = Debug|Any CPU
		{5E6249C5-2096-4516-A280-A598F772A552}.Debug|Any CPU.Build.0 = Debug|Any CPU
		{5E6249C5-2096-4516-A280-A598F772A552}.Release|Any CPU.ActiveCfg = Release|Any CPU
		{5E6249C5-2096-4516-A280-A598F772A552}.Release|Any CPU.Build.0 = Release|Any CPU
	EndGlobalSection
	GlobalSection(SolutionProperties) = preSolution
		HideSolutionNode = FALSE
	EndGlobalSection
	GlobalSection(ExtensibilityGlobals) = postSolution
		SolutionGuid = {0FBEB16E-4B19-4EC0-8EC2-C79A40A34B25}
	EndGlobalSection
EndGlobal
